
Microsoft Visual Studio Solution File, Format Version 12.00
# Visual Studio 15
VisualStudioVersion = 15.0.26730.16
MinimumVisualStudioVersion = 10.0.40219.1
Project("{FAE04EC0-301F-11D3-BF4B-00C04F79EFBC}") = "TextGameExperiment.Android", "TextGameExperiment\TextGameExperiment.Android\TextGameExperiment.Android.csproj", "{FC8A12B9-5FFE-46CA-BA6C-C8EC31503D66}"
EndProject
Project("{FAE04EC0-301F-11D3-BF4B-00C04F79EFBC}") = "TextGameExperiment.UWP", "TextGameExperiment\TextGameExperiment.UWP\TextGameExperiment.UWP.csproj", "{CE10C90A-B42A-42C1-8696-E2006821EB2B}"
EndProject
Project("{FAE04EC0-301F-11D3-BF4B-00C04F79EFBC}") = "TextGameExperiment.iOS", "TextGameExperiment\TextGameExperiment.iOS\TextGameExperiment.iOS.csproj", "{42D2987F-5510-45CD-9264-C1401EDF2494}"
EndProject
Project("{9A19103F-16F7-4668-BE54-9A1E7A4F7556}") = "TextGameExperiment.Core", "TextGameExperiment.Core\TextGameExperiment.Core.csproj", "{97380ADA-5513-449B-A3B3-A39C9EF42E75}"
EndProject
Project("{FAE04EC0-301F-11D3-BF4B-00C04F79EFBC}") = "BattleTextTokenizer", "BattleTextTokenizer\BattleTextTokenizer.csproj", "{7983616E-966A-4937-AA26-43FFB3E5DD88}"
EndProject
Global
	GlobalSection(SolutionConfigurationPlatforms) = preSolution
		Ad-Hoc|Any CPU = Ad-Hoc|Any CPU
		Ad-Hoc|ARM = Ad-Hoc|ARM
		Ad-Hoc|iPhone = Ad-Hoc|iPhone
		Ad-Hoc|iPhoneSimulator = Ad-Hoc|iPhoneSimulator
		Ad-Hoc|x64 = Ad-Hoc|x64
		Ad-Hoc|x86 = Ad-Hoc|x86
		AppStore|Any CPU = AppStore|Any CPU
		AppStore|ARM = AppStore|ARM
		AppStore|iPhone = AppStore|iPhone
		AppStore|iPhoneSimulator = AppStore|iPhoneSimulator
		AppStore|x64 = AppStore|x64
		AppStore|x86 = AppStore|x86
		Debug|Any CPU = Debug|Any CPU
		Debug|ARM = Debug|ARM
		Debug|iPhone = Debug|iPhone
		Debug|iPhoneSimulator = Debug|iPhoneSimulator
		Debug|x64 = Debug|x64
		Debug|x86 = Debug|x86
		Release|Any CPU = Release|Any CPU
		Release|ARM = Release|ARM
		Release|iPhone = Release|iPhone
		Release|iPhoneSimulator = Release|iPhoneSimulator
		Release|x64 = Release|x64
		Release|x86 = Release|x86
	EndGlobalSection
	GlobalSection(ProjectConfigurationPlatforms) = postSolution
		{FC8A12B9-5FFE-46CA-BA6C-C8EC31503D66}.Ad-Hoc|Any CPU.ActiveCfg = Release|Any CPU
		{FC8A12B9-5FFE-46CA-BA6C-C8EC31503D66}.Ad-Hoc|Any CPU.Build.0 = Release|Any CPU
		{FC8A12B9-5FFE-46CA-BA6C-C8EC31503D66}.Ad-Hoc|Any CPU.Deploy.0 = Release|Any CPU
		{FC8A12B9-5FFE-46CA-BA6C-C8EC31503D66}.Ad-Hoc|ARM.ActiveCfg = Release|Any CPU
		{FC8A12B9-5FFE-46CA-BA6C-C8EC31503D66}.Ad-Hoc|ARM.Build.0 = Release|Any CPU
		{FC8A12B9-5FFE-46CA-BA6C-C8EC31503D66}.Ad-Hoc|ARM.Deploy.0 = Release|Any CPU
		{FC8A12B9-5FFE-46CA-BA6C-C8EC31503D66}.Ad-Hoc|iPhone.ActiveCfg = Release|Any CPU
		{FC8A12B9-5FFE-46CA-BA6C-C8EC31503D66}.Ad-Hoc|iPhone.Build.0 = Release|Any CPU
		{FC8A12B9-5FFE-46CA-BA6C-C8EC31503D66}.Ad-Hoc|iPhone.Deploy.0 = Release|Any CPU
		{FC8A12B9-5FFE-46CA-BA6C-C8EC31503D66}.Ad-Hoc|iPhoneSimulator.ActiveCfg = Release|Any CPU
		{FC8A12B9-5FFE-46CA-BA6C-C8EC31503D66}.Ad-Hoc|iPhoneSimulator.Build.0 = Release|Any CPU
		{FC8A12B9-5FFE-46CA-BA6C-C8EC31503D66}.Ad-Hoc|iPhoneSimulator.Deploy.0 = Release|Any CPU
		{FC8A12B9-5FFE-46CA-BA6C-C8EC31503D66}.Ad-Hoc|x64.ActiveCfg = Release|Any CPU
		{FC8A12B9-5FFE-46CA-BA6C-C8EC31503D66}.Ad-Hoc|x64.Build.0 = Release|Any CPU
		{FC8A12B9-5FFE-46CA-BA6C-C8EC31503D66}.Ad-Hoc|x64.Deploy.0 = Release|Any CPU
		{FC8A12B9-5FFE-46CA-BA6C-C8EC31503D66}.Ad-Hoc|x86.ActiveCfg = Release|Any CPU
		{FC8A12B9-5FFE-46CA-BA6C-C8EC31503D66}.Ad-Hoc|x86.Build.0 = Release|Any CPU
		{FC8A12B9-5FFE-46CA-BA6C-C8EC31503D66}.Ad-Hoc|x86.Deploy.0 = Release|Any CPU
		{FC8A12B9-5FFE-46CA-BA6C-C8EC31503D66}.AppStore|Any CPU.ActiveCfg = Release|Any CPU
		{FC8A12B9-5FFE-46CA-BA6C-C8EC31503D66}.AppStore|Any CPU.Build.0 = Release|Any CPU
		{FC8A12B9-5FFE-46CA-BA6C-C8EC31503D66}.AppStore|Any CPU.Deploy.0 = Release|Any CPU
		{FC8A12B9-5FFE-46CA-BA6C-C8EC31503D66}.AppStore|ARM.ActiveCfg = Release|Any CPU
		{FC8A12B9-5FFE-46CA-BA6C-C8EC31503D66}.AppStore|ARM.Build.0 = Release|Any CPU
		{FC8A12B9-5FFE-46CA-BA6C-C8EC31503D66}.AppStore|ARM.Deploy.0 = Release|Any CPU
		{FC8A12B9-5FFE-46CA-BA6C-C8EC31503D66}.AppStore|iPhone.ActiveCfg = Release|Any CPU
		{FC8A12B9-5FFE-46CA-BA6C-C8EC31503D66}.AppStore|iPhone.Build.0 = Release|Any CPU
		{FC8A12B9-5FFE-46CA-BA6C-C8EC31503D66}.AppStore|iPhone.Deploy.0 = Release|Any CPU
		{FC8A12B9-5FFE-46CA-BA6C-C8EC31503D66}.AppStore|iPhoneSimulator.ActiveCfg = Release|Any CPU
		{FC8A12B9-5FFE-46CA-BA6C-C8EC31503D66}.AppStore|iPhoneSimulator.Build.0 = Release|Any CPU
		{FC8A12B9-5FFE-46CA-BA6C-C8EC31503D66}.AppStore|iPhoneSimulator.Deploy.0 = Release|Any CPU
		{FC8A12B9-5FFE-46CA-BA6C-C8EC31503D66}.AppStore|x64.ActiveCfg = Release|Any CPU
		{FC8A12B9-5FFE-46CA-BA6C-C8EC31503D66}.AppStore|x64.Build.0 = Release|Any CPU
		{FC8A12B9-5FFE-46CA-BA6C-C8EC31503D66}.AppStore|x64.Deploy.0 = Release|Any CPU
		{FC8A12B9-5FFE-46CA-BA6C-C8EC31503D66}.AppStore|x86.ActiveCfg = Release|Any CPU
		{FC8A12B9-5FFE-46CA-BA6C-C8EC31503D66}.AppStore|x86.Build.0 = Release|Any CPU
		{FC8A12B9-5FFE-46CA-BA6C-C8EC31503D66}.AppStore|x86.Deploy.0 = Release|Any CPU
		{FC8A12B9-5FFE-46CA-BA6C-C8EC31503D66}.Debug|Any CPU.ActiveCfg = Debug|Any CPU
		{FC8A12B9-5FFE-46CA-BA6C-C8EC31503D66}.Debug|Any CPU.Build.0 = Debug|Any CPU
		{FC8A12B9-5FFE-46CA-BA6C-C8EC31503D66}.Debug|Any CPU.Deploy.0 = Debug|Any CPU
		{FC8A12B9-5FFE-46CA-BA6C-C8EC31503D66}.Debug|ARM.ActiveCfg = Debug|Any CPU
		{FC8A12B9-5FFE-46CA-BA6C-C8EC31503D66}.Debug|ARM.Build.0 = Debug|Any CPU
		{FC8A12B9-5FFE-46CA-BA6C-C8EC31503D66}.Debug|ARM.Deploy.0 = Debug|Any CPU
		{FC8A12B9-5FFE-46CA-BA6C-C8EC31503D66}.Debug|iPhone.ActiveCfg = Debug|Any CPU
		{FC8A12B9-5FFE-46CA-BA6C-C8EC31503D66}.Debug|iPhone.Build.0 = Debug|Any CPU
		{FC8A12B9-5FFE-46CA-BA6C-C8EC31503D66}.Debug|iPhone.Deploy.0 = Debug|Any CPU
		{FC8A12B9-5FFE-46CA-BA6C-C8EC31503D66}.Debug|iPhoneSimulator.ActiveCfg = Debug|Any CPU
		{FC8A12B9-5FFE-46CA-BA6C-C8EC31503D66}.Debug|iPhoneSimulator.Build.0 = Debug|Any CPU
		{FC8A12B9-5FFE-46CA-BA6C-C8EC31503D66}.Debug|iPhoneSimulator.Deploy.0 = Debug|Any CPU
		{FC8A12B9-5FFE-46CA-BA6C-C8EC31503D66}.Debug|x64.ActiveCfg = Debug|Any CPU
		{FC8A12B9-5FFE-46CA-BA6C-C8EC31503D66}.Debug|x64.Build.0 = Debug|Any CPU
		{FC8A12B9-5FFE-46CA-BA6C-C8EC31503D66}.Debug|x64.Deploy.0 = Debug|Any CPU
		{FC8A12B9-5FFE-46CA-BA6C-C8EC31503D66}.Debug|x86.ActiveCfg = Debug|Any CPU
		{FC8A12B9-5FFE-46CA-BA6C-C8EC31503D66}.Debug|x86.Build.0 = Debug|Any CPU
		{FC8A12B9-5FFE-46CA-BA6C-C8EC31503D66}.Debug|x86.Deploy.0 = Debug|Any CPU
		{FC8A12B9-5FFE-46CA-BA6C-C8EC31503D66}.Release|Any CPU.ActiveCfg = Release|Any CPU
		{FC8A12B9-5FFE-46CA-BA6C-C8EC31503D66}.Release|Any CPU.Build.0 = Release|Any CPU
		{FC8A12B9-5FFE-46CA-BA6C-C8EC31503D66}.Release|Any CPU.Deploy.0 = Release|Any CPU
		{FC8A12B9-5FFE-46CA-BA6C-C8EC31503D66}.Release|ARM.ActiveCfg = Release|Any CPU
		{FC8A12B9-5FFE-46CA-BA6C-C8EC31503D66}.Release|ARM.Build.0 = Release|Any CPU
		{FC8A12B9-5FFE-46CA-BA6C-C8EC31503D66}.Release|ARM.Deploy.0 = Release|Any CPU
		{FC8A12B9-5FFE-46CA-BA6C-C8EC31503D66}.Release|iPhone.ActiveCfg = Release|Any CPU
		{FC8A12B9-5FFE-46CA-BA6C-C8EC31503D66}.Release|iPhone.Build.0 = Release|Any CPU
		{FC8A12B9-5FFE-46CA-BA6C-C8EC31503D66}.Release|iPhone.Deploy.0 = Release|Any CPU
		{FC8A12B9-5FFE-46CA-BA6C-C8EC31503D66}.Release|iPhoneSimulator.ActiveCfg = Release|Any CPU
		{FC8A12B9-5FFE-46CA-BA6C-C8EC31503D66}.Release|iPhoneSimulator.Build.0 = Release|Any CPU
		{FC8A12B9-5FFE-46CA-BA6C-C8EC31503D66}.Release|iPhoneSimulator.Deploy.0 = Release|Any CPU
		{FC8A12B9-5FFE-46CA-BA6C-C8EC31503D66}.Release|x64.ActiveCfg = Release|Any CPU
		{FC8A12B9-5FFE-46CA-BA6C-C8EC31503D66}.Release|x64.Build.0 = Release|Any CPU
		{FC8A12B9-5FFE-46CA-BA6C-C8EC31503D66}.Release|x64.Deploy.0 = Release|Any CPU
		{FC8A12B9-5FFE-46CA-BA6C-C8EC31503D66}.Release|x86.ActiveCfg = Release|Any CPU
		{FC8A12B9-5FFE-46CA-BA6C-C8EC31503D66}.Release|x86.Build.0 = Release|Any CPU
		{FC8A12B9-5FFE-46CA-BA6C-C8EC31503D66}.Release|x86.Deploy.0 = Release|Any CPU
		{CE10C90A-B42A-42C1-8696-E2006821EB2B}.Ad-Hoc|Any CPU.ActiveCfg = Release|x86
		{CE10C90A-B42A-42C1-8696-E2006821EB2B}.Ad-Hoc|Any CPU.Build.0 = Release|x86
		{CE10C90A-B42A-42C1-8696-E2006821EB2B}.Ad-Hoc|Any CPU.Deploy.0 = Release|x86
		{CE10C90A-B42A-42C1-8696-E2006821EB2B}.Ad-Hoc|ARM.ActiveCfg = Release|ARM
		{CE10C90A-B42A-42C1-8696-E2006821EB2B}.Ad-Hoc|ARM.Build.0 = Release|ARM
		{CE10C90A-B42A-42C1-8696-E2006821EB2B}.Ad-Hoc|ARM.Deploy.0 = Release|ARM
		{CE10C90A-B42A-42C1-8696-E2006821EB2B}.Ad-Hoc|iPhone.ActiveCfg = Release|x86
		{CE10C90A-B42A-42C1-8696-E2006821EB2B}.Ad-Hoc|iPhone.Build.0 = Release|x86
		{CE10C90A-B42A-42C1-8696-E2006821EB2B}.Ad-Hoc|iPhone.Deploy.0 = Release|x86
		{CE10C90A-B42A-42C1-8696-E2006821EB2B}.Ad-Hoc|iPhoneSimulator.ActiveCfg = Release|x86
		{CE10C90A-B42A-42C1-8696-E2006821EB2B}.Ad-Hoc|iPhoneSimulator.Build.0 = Release|x86
		{CE10C90A-B42A-42C1-8696-E2006821EB2B}.Ad-Hoc|iPhoneSimulator.Deploy.0 = Release|x86
		{CE10C90A-B42A-42C1-8696-E2006821EB2B}.Ad-Hoc|x64.ActiveCfg = Release|x64
		{CE10C90A-B42A-42C1-8696-E2006821EB2B}.Ad-Hoc|x64.Build.0 = Release|x64
		{CE10C90A-B42A-42C1-8696-E2006821EB2B}.Ad-Hoc|x64.Deploy.0 = Release|x64
		{CE10C90A-B42A-42C1-8696-E2006821EB2B}.Ad-Hoc|x86.ActiveCfg = Release|x86
		{CE10C90A-B42A-42C1-8696-E2006821EB2B}.Ad-Hoc|x86.Build.0 = Release|x86
		{CE10C90A-B42A-42C1-8696-E2006821EB2B}.Ad-Hoc|x86.Deploy.0 = Release|x86
		{CE10C90A-B42A-42C1-8696-E2006821EB2B}.AppStore|Any CPU.ActiveCfg = Release|x86
		{CE10C90A-B42A-42C1-8696-E2006821EB2B}.AppStore|Any CPU.Build.0 = Release|x86
		{CE10C90A-B42A-42C1-8696-E2006821EB2B}.AppStore|Any CPU.Deploy.0 = Release|x86
		{CE10C90A-B42A-42C1-8696-E2006821EB2B}.AppStore|ARM.ActiveCfg = Release|ARM
		{CE10C90A-B42A-42C1-8696-E2006821EB2B}.AppStore|ARM.Build.0 = Release|ARM
		{CE10C90A-B42A-42C1-8696-E2006821EB2B}.AppStore|ARM.Deploy.0 = Release|ARM
		{CE10C90A-B42A-42C1-8696-E2006821EB2B}.AppStore|iPhone.ActiveCfg = Release|x86
		{CE10C90A-B42A-42C1-8696-E2006821EB2B}.AppStore|iPhone.Build.0 = Release|x86
		{CE10C90A-B42A-42C1-8696-E2006821EB2B}.AppStore|iPhone.Deploy.0 = Release|x86
		{CE10C90A-B42A-42C1-8696-E2006821EB2B}.AppStore|iPhoneSimulator.ActiveCfg = Release|x86
		{CE10C90A-B42A-42C1-8696-E2006821EB2B}.AppStore|iPhoneSimulator.Build.0 = Release|x86
		{CE10C90A-B42A-42C1-8696-E2006821EB2B}.AppStore|iPhoneSimulator.Deploy.0 = Release|x86
		{CE10C90A-B42A-42C1-8696-E2006821EB2B}.AppStore|x64.ActiveCfg = Release|x64
		{CE10C90A-B42A-42C1-8696-E2006821EB2B}.AppStore|x64.Build.0 = Release|x64
		{CE10C90A-B42A-42C1-8696-E2006821EB2B}.AppStore|x64.Deploy.0 = Release|x64
		{CE10C90A-B42A-42C1-8696-E2006821EB2B}.AppStore|x86.ActiveCfg = Release|x86
		{CE10C90A-B42A-42C1-8696-E2006821EB2B}.AppStore|x86.Build.0 = Release|x86
		{CE10C90A-B42A-42C1-8696-E2006821EB2B}.AppStore|x86.Deploy.0 = Release|x86
		{CE10C90A-B42A-42C1-8696-E2006821EB2B}.Debug|Any CPU.ActiveCfg = Debug|x86
		{CE10C90A-B42A-42C1-8696-E2006821EB2B}.Debug|ARM.ActiveCfg = Debug|ARM
		{CE10C90A-B42A-42C1-8696-E2006821EB2B}.Debug|ARM.Build.0 = Debug|ARM
		{CE10C90A-B42A-42C1-8696-E2006821EB2B}.Debug|ARM.Deploy.0 = Debug|ARM
		{CE10C90A-B42A-42C1-8696-E2006821EB2B}.Debug|iPhone.ActiveCfg = Debug|x86
		{CE10C90A-B42A-42C1-8696-E2006821EB2B}.Debug|iPhoneSimulator.ActiveCfg = Debug|x86
		{CE10C90A-B42A-42C1-8696-E2006821EB2B}.Debug|x64.ActiveCfg = Debug|x64
		{CE10C90A-B42A-42C1-8696-E2006821EB2B}.Debug|x64.Build.0 = Debug|x64
		{CE10C90A-B42A-42C1-8696-E2006821EB2B}.Debug|x64.Deploy.0 = Debug|x64
		{CE10C90A-B42A-42C1-8696-E2006821EB2B}.Debug|x86.ActiveCfg = Debug|x86
		{CE10C90A-B42A-42C1-8696-E2006821EB2B}.Debug|x86.Build.0 = Debug|x86
		{CE10C90A-B42A-42C1-8696-E2006821EB2B}.Debug|x86.Deploy.0 = Debug|x86
		{CE10C90A-B42A-42C1-8696-E2006821EB2B}.Release|Any CPU.ActiveCfg = Release|x86
		{CE10C90A-B42A-42C1-8696-E2006821EB2B}.Release|ARM.ActiveCfg = Release|ARM
		{CE10C90A-B42A-42C1-8696-E2006821EB2B}.Release|ARM.Build.0 = Release|ARM
		{CE10C90A-B42A-42C1-8696-E2006821EB2B}.Release|ARM.Deploy.0 = Release|ARM
		{CE10C90A-B42A-42C1-8696-E2006821EB2B}.Release|iPhone.ActiveCfg = Release|x86
		{CE10C90A-B42A-42C1-8696-E2006821EB2B}.Release|iPhoneSimulator.ActiveCfg = Release|x86
		{CE10C90A-B42A-42C1-8696-E2006821EB2B}.Release|x64.ActiveCfg = Release|x64
		{CE10C90A-B42A-42C1-8696-E2006821EB2B}.Release|x64.Build.0 = Release|x64
		{CE10C90A-B42A-42C1-8696-E2006821EB2B}.Release|x64.Deploy.0 = Release|x64
		{CE10C90A-B42A-42C1-8696-E2006821EB2B}.Release|x86.ActiveCfg = Release|x86
		{CE10C90A-B42A-42C1-8696-E2006821EB2B}.Release|x86.Build.0 = Release|x86
		{CE10C90A-B42A-42C1-8696-E2006821EB2B}.Release|x86.Deploy.0 = Release|x86
		{42D2987F-5510-45CD-9264-C1401EDF2494}.Ad-Hoc|Any CPU.ActiveCfg = Ad-Hoc|iPhone
		{42D2987F-5510-45CD-9264-C1401EDF2494}.Ad-Hoc|ARM.ActiveCfg = Ad-Hoc|iPhone
		{42D2987F-5510-45CD-9264-C1401EDF2494}.Ad-Hoc|iPhone.ActiveCfg = Ad-Hoc|iPhone
		{42D2987F-5510-45CD-9264-C1401EDF2494}.Ad-Hoc|iPhone.Build.0 = Ad-Hoc|iPhone
		{42D2987F-5510-45CD-9264-C1401EDF2494}.Ad-Hoc|iPhoneSimulator.ActiveCfg = Ad-Hoc|iPhoneSimulator
		{42D2987F-5510-45CD-9264-C1401EDF2494}.Ad-Hoc|iPhoneSimulator.Build.0 = Ad-Hoc|iPhoneSimulator
		{42D2987F-5510-45CD-9264-C1401EDF2494}.Ad-Hoc|x64.ActiveCfg = Ad-Hoc|iPhone
		{42D2987F-5510-45CD-9264-C1401EDF2494}.Ad-Hoc|x86.ActiveCfg = Ad-Hoc|iPhone
		{42D2987F-5510-45CD-9264-C1401EDF2494}.AppStore|Any CPU.ActiveCfg = AppStore|iPhone
		{42D2987F-5510-45CD-9264-C1401EDF2494}.AppStore|ARM.ActiveCfg = AppStore|iPhone
		{42D2987F-5510-45CD-9264-C1401EDF2494}.AppStore|iPhone.ActiveCfg = AppStore|iPhone
		{42D2987F-5510-45CD-9264-C1401EDF2494}.AppStore|iPhone.Build.0 = AppStore|iPhone
		{42D2987F-5510-45CD-9264-C1401EDF2494}.AppStore|iPhoneSimulator.ActiveCfg = AppStore|iPhoneSimulator
		{42D2987F-5510-45CD-9264-C1401EDF2494}.AppStore|iPhoneSimulator.Build.0 = AppStore|iPhoneSimulator
		{42D2987F-5510-45CD-9264-C1401EDF2494}.AppStore|x64.ActiveCfg = AppStore|iPhone
		{42D2987F-5510-45CD-9264-C1401EDF2494}.AppStore|x86.ActiveCfg = AppStore|iPhone
		{42D2987F-5510-45CD-9264-C1401EDF2494}.Debug|Any CPU.ActiveCfg = Debug|iPhone
		{42D2987F-5510-45CD-9264-C1401EDF2494}.Debug|ARM.ActiveCfg = Debug|iPhone
		{42D2987F-5510-45CD-9264-C1401EDF2494}.Debug|iPhone.ActiveCfg = Debug|iPhone
		{42D2987F-5510-45CD-9264-C1401EDF2494}.Debug|iPhone.Build.0 = Debug|iPhone
		{42D2987F-5510-45CD-9264-C1401EDF2494}.Debug|iPhoneSimulator.ActiveCfg = Debug|iPhoneSimulator
		{42D2987F-5510-45CD-9264-C1401EDF2494}.Debug|iPhoneSimulator.Build.0 = Debug|iPhoneSimulator
		{42D2987F-5510-45CD-9264-C1401EDF2494}.Debug|x64.ActiveCfg = Debug|iPhone
		{42D2987F-5510-45CD-9264-C1401EDF2494}.Debug|x86.ActiveCfg = Debug|iPhone
		{42D2987F-5510-45CD-9264-C1401EDF2494}.Release|Any CPU.ActiveCfg = Release|iPhone
		{42D2987F-5510-45CD-9264-C1401EDF2494}.Release|ARM.ActiveCfg = Release|iPhone
		{42D2987F-5510-45CD-9264-C1401EDF2494}.Release|iPhone.ActiveCfg = Release|iPhone
		{42D2987F-5510-45CD-9264-C1401EDF2494}.Release|iPhone.Build.0 = Release|iPhone
		{42D2987F-5510-45CD-9264-C1401EDF2494}.Release|iPhoneSimulator.ActiveCfg = Release|iPhoneSimulator
		{42D2987F-5510-45CD-9264-C1401EDF2494}.Release|iPhoneSimulator.Build.0 = Release|iPhoneSimulator
		{42D2987F-5510-45CD-9264-C1401EDF2494}.Release|x64.ActiveCfg = Release|iPhone
		{42D2987F-5510-45CD-9264-C1401EDF2494}.Release|x86.ActiveCfg = Release|iPhone
		{97380ADA-5513-449B-A3B3-A39C9EF42E75}.Ad-Hoc|Any CPU.ActiveCfg = Debug|Any CPU
		{97380ADA-5513-449B-A3B3-A39C9EF42E75}.Ad-Hoc|Any CPU.Build.0 = Debug|Any CPU
		{97380ADA-5513-449B-A3B3-A39C9EF42E75}.Ad-Hoc|ARM.ActiveCfg = Debug|Any CPU
		{97380ADA-5513-449B-A3B3-A39C9EF42E75}.Ad-Hoc|ARM.Build.0 = Debug|Any CPU
		{97380ADA-5513-449B-A3B3-A39C9EF42E75}.Ad-Hoc|iPhone.ActiveCfg = Debug|Any CPU
		{97380ADA-5513-449B-A3B3-A39C9EF42E75}.Ad-Hoc|iPhone.Build.0 = Debug|Any CPU
		{97380ADA-5513-449B-A3B3-A39C9EF42E75}.Ad-Hoc|iPhoneSimulator.ActiveCfg = Debug|Any CPU
		{97380ADA-5513-449B-A3B3-A39C9EF42E75}.Ad-Hoc|iPhoneSimulator.Build.0 = Debug|Any CPU
		{97380ADA-5513-449B-A3B3-A39C9EF42E75}.Ad-Hoc|x64.ActiveCfg = Debug|Any CPU
		{97380ADA-5513-449B-A3B3-A39C9EF42E75}.Ad-Hoc|x64.Build.0 = Debug|Any CPU
		{97380ADA-5513-449B-A3B3-A39C9EF42E75}.Ad-Hoc|x86.ActiveCfg = Debug|Any CPU
		{97380ADA-5513-449B-A3B3-A39C9EF42E75}.Ad-Hoc|x86.Build.0 = Debug|Any CPU
		{97380ADA-5513-449B-A3B3-A39C9EF42E75}.AppStore|Any CPU.ActiveCfg = Debug|Any CPU
		{97380ADA-5513-449B-A3B3-A39C9EF42E75}.AppStore|Any CPU.Build.0 = Debug|Any CPU
		{97380ADA-5513-449B-A3B3-A39C9EF42E75}.AppStore|ARM.ActiveCfg = Debug|Any CPU
		{97380ADA-5513-449B-A3B3-A39C9EF42E75}.AppStore|ARM.Build.0 = Debug|Any CPU
		{97380ADA-5513-449B-A3B3-A39C9EF42E75}.AppStore|iPhone.ActiveCfg = Debug|Any CPU
		{97380ADA-5513-449B-A3B3-A39C9EF42E75}.AppStore|iPhone.Build.0 = Debug|Any CPU
		{97380ADA-5513-449B-A3B3-A39C9EF42E75}.AppStore|iPhoneSimulator.ActiveCfg = Debug|Any CPU
		{97380ADA-5513-449B-A3B3-A39C9EF42E75}.AppStore|iPhoneSimulator.Build.0 = Debug|Any CPU
		{97380ADA-5513-449B-A3B3-A39C9EF42E75}.AppStore|x64.ActiveCfg = Debug|Any CPU
		{97380ADA-5513-449B-A3B3-A39C9EF42E75}.AppStore|x64.Build.0 = Debug|Any CPU
		{97380ADA-5513-449B-A3B3-A39C9EF42E75}.AppStore|x86.ActiveCfg = Debug|Any CPU
		{97380ADA-5513-449B-A3B3-A39C9EF42E75}.AppStore|x86.Build.0 = Debug|Any CPU
		{97380ADA-5513-449B-A3B3-A39C9EF42E75}.Debug|Any CPU.ActiveCfg = Debug|Any CPU
		{97380ADA-5513-449B-A3B3-A39C9EF42E75}.Debug|Any CPU.Build.0 = Debug|Any CPU
		{97380ADA-5513-449B-A3B3-A39C9EF42E75}.Debug|ARM.ActiveCfg = Debug|Any CPU
		{97380ADA-5513-449B-A3B3-A39C9EF42E75}.Debug|ARM.Build.0 = Debug|Any CPU
		{97380ADA-5513-449B-A3B3-A39C9EF42E75}.Debug|iPhone.ActiveCfg = Debug|Any CPU
		{97380ADA-5513-449B-A3B3-A39C9EF42E75}.Debug|iPhone.Build.0 = Debug|Any CPU
		{97380ADA-5513-449B-A3B3-A39C9EF42E75}.Debug|iPhoneSimulator.ActiveCfg = Debug|Any CPU
		{97380ADA-5513-449B-A3B3-A39C9EF42E75}.Debug|iPhoneSimulator.Build.0 = Debug|Any CPU
		{97380ADA-5513-449B-A3B3-A39C9EF42E75}.Debug|x64.ActiveCfg = Debug|Any CPU
		{97380ADA-5513-449B-A3B3-A39C9EF42E75}.Debug|x64.Build.0 = Debug|Any CPU
		{97380ADA-5513-449B-A3B3-A39C9EF42E75}.Debug|x86.ActiveCfg = Debug|Any CPU
		{97380ADA-5513-449B-A3B3-A39C9EF42E75}.Debug|x86.Build.0 = Debug|Any CPU
		{97380ADA-5513-449B-A3B3-A39C9EF42E75}.Release|Any CPU.ActiveCfg = Release|Any CPU
		{97380ADA-5513-449B-A3B3-A39C9EF42E75}.Release|Any CPU.Build.0 = Release|Any CPU
		{97380ADA-5513-449B-A3B3-A39C9EF42E75}.Release|ARM.ActiveCfg = Release|Any CPU
		{97380ADA-5513-449B-A3B3-A39C9EF42E75}.Release|ARM.Build.0 = Release|Any CPU
		{97380ADA-5513-449B-A3B3-A39C9EF42E75}.Release|iPhone.ActiveCfg = Release|Any CPU
		{97380ADA-5513-449B-A3B3-A39C9EF42E75}.Release|iPhone.Build.0 = Release|Any CPU
		{97380ADA-5513-449B-A3B3-A39C9EF42E75}.Release|iPhoneSimulator.ActiveCfg = Release|Any CPU
		{97380ADA-5513-449B-A3B3-A39C9EF42E75}.Release|iPhoneSimulator.Build.0 = Release|Any CPU
		{97380ADA-5513-449B-A3B3-A39C9EF42E75}.Release|x64.ActiveCfg = Release|Any CPU
		{97380ADA-5513-449B-A3B3-A39C9EF42E75}.Release|x64.Build.0 = Release|Any CPU
		{97380ADA-5513-449B-A3B3-A39C9EF42E75}.Release|x86.ActiveCfg = Release|Any CPU
		{97380ADA-5513-449B-A3B3-A39C9EF42E75}.Release|x86.Build.0 = Release|Any CPU
		{7983616E-966A-4937-AA26-43FFB3E5DD88}.Ad-Hoc|Any CPU.ActiveCfg = Debug|Any CPU
		{7983616E-966A-4937-AA26-43FFB3E5DD88}.Ad-Hoc|Any CPU.Build.0 = Debug|Any CPU
		{7983616E-966A-4937-AA26-43FFB3E5DD88}.Ad-Hoc|ARM.ActiveCfg = Debug|Any CPU
		{7983616E-966A-4937-AA26-43FFB3E5DD88}.Ad-Hoc|ARM.Build.0 = Debug|Any CPU
		{7983616E-966A-4937-AA26-43FFB3E5DD88}.Ad-Hoc|iPhone.ActiveCfg = Debug|Any CPU
		{7983616E-966A-4937-AA26-43FFB3E5DD88}.Ad-Hoc|iPhone.Build.0 = Debug|Any CPU
		{7983616E-966A-4937-AA26-43FFB3E5DD88}.Ad-Hoc|iPhoneSimulator.ActiveCfg = Debug|Any CPU
		{7983616E-966A-4937-AA26-43FFB3E5DD88}.Ad-Hoc|iPhoneSimulator.Build.0 = Debug|Any CPU
		{7983616E-966A-4937-AA26-43FFB3E5DD88}.Ad-Hoc|x64.ActiveCfg = Debug|Any CPU
		{7983616E-966A-4937-AA26-43FFB3E5DD88}.Ad-Hoc|x64.Build.0 = Debug|Any CPU
		{7983616E-966A-4937-AA26-43FFB3E5DD88}.Ad-Hoc|x86.ActiveCfg = Debug|Any CPU
		{7983616E-966A-4937-AA26-43FFB3E5DD88}.Ad-Hoc|x86.Build.0 = Debug|Any CPU
		{7983616E-966A-4937-AA26-43FFB3E5DD88}.AppStore|Any CPU.ActiveCfg = Debug|Any CPU
		{7983616E-966A-4937-AA26-43FFB3E5DD88}.AppStore|Any CPU.Build.0 = Debug|Any CPU
		{7983616E-966A-4937-AA26-43FFB3E5DD88}.AppStore|ARM.ActiveCfg = Debug|Any CPU
		{7983616E-966A-4937-AA26-43FFB3E5DD88}.AppStore|ARM.Build.0 = Debug|Any CPU
		{7983616E-966A-4937-AA26-43FFB3E5DD88}.AppStore|iPhone.ActiveCfg = Debug|Any CPU
		{7983616E-966A-4937-AA26-43FFB3E5DD88}.AppStore|iPhone.Build.0 = Debug|Any CPU
		{7983616E-966A-4937-AA26-43FFB3E5DD88}.AppStore|iPhoneSimulator.ActiveCfg = Debug|Any CPU
		{7983616E-966A-4937-AA26-43FFB3E5DD88}.AppStore|iPhoneSimulator.Build.0 = Debug|Any CPU
		{7983616E-966A-4937-AA26-43FFB3E5DD88}.AppStore|x64.ActiveCfg = Debug|Any CPU
		{7983616E-966A-4937-AA26-43FFB3E5DD88}.AppStore|x64.Build.0 = Debug|Any CPU
		{7983616E-966A-4937-AA26-43FFB3E5DD88}.AppStore|x86.ActiveCfg = Debug|Any CPU
		{7983616E-966A-4937-AA26-43FFB3E5DD88}.AppStore|x86.Build.0 = Debug|Any CPU
		{7983616E-966A-4937-AA26-43FFB3E5DD88}.Debug|Any CPU.ActiveCfg = Debug|Any CPU
		{7983616E-966A-4937-AA26-43FFB3E5DD88}.Debug|Any CPU.Build.0 = Debug|Any CPU
		{7983616E-966A-4937-AA26-43FFB3E5DD88}.Debug|ARM.ActiveCfg = Debug|Any CPU
		{7983616E-966A-4937-AA26-43FFB3E5DD88}.Debug|ARM.Build.0 = Debug|Any CPU
		{7983616E-966A-4937-AA26-43FFB3E5DD88}.Debug|iPhone.ActiveCfg = Debug|Any CPU
		{7983616E-966A-4937-AA26-43FFB3E5DD88}.Debug|iPhone.Build.0 = Debug|Any CPU
		{7983616E-966A-4937-AA26-43FFB3E5DD88}.Debug|iPhoneSimulator.ActiveCfg = Debug|Any CPU
		{7983616E-966A-4937-AA26-43FFB3E5DD88}.Debug|iPhoneSimulator.Build.0 = Debug|Any CPU
		{7983616E-966A-4937-AA26-43FFB3E5DD88}.Debug|x64.ActiveCfg = Debug|Any CPU
		{7983616E-966A-4937-AA26-43FFB3E5DD88}.Debug|x64.Build.0 = Debug|Any CPU
		{7983616E-966A-4937-AA26-43FFB3E5DD88}.Debug|x86.ActiveCfg = Debug|Any CPU
		{7983616E-966A-4937-AA26-43FFB3E5DD88}.Debug|x86.Build.0 = Debug|Any CPU
		{7983616E-966A-4937-AA26-43FFB3E5DD88}.Release|Any CPU.ActiveCfg = Release|Any CPU
		{7983616E-966A-4937-AA26-43FFB3E5DD88}.Release|Any CPU.Build.0 = Release|Any CPU
		{7983616E-966A-4937-AA26-43FFB3E5DD88}.Release|ARM.ActiveCfg = Release|Any CPU
		{7983616E-966A-4937-AA26-43FFB3E5DD88}.Release|ARM.Build.0 = Release|Any CPU
		{7983616E-966A-4937-AA26-43FFB3E5DD88}.Release|iPhone.ActiveCfg = Release|Any CPU
		{7983616E-966A-4937-AA26-43FFB3E5DD88}.Release|iPhone.Build.0 = Release|Any CPU
		{7983616E-966A-4937-AA26-43FFB3E5DD88}.Release|iPhoneSimulator.ActiveCfg = Release|Any CPU
		{7983616E-966A-4937-AA26-43FFB3E5DD88}.Release|iPhoneSimulator.Build.0 = Release|Any CPU
		{7983616E-966A-4937-AA26-43FFB3E5DD88}.Release|x64.ActiveCfg = Release|Any CPU
		{7983616E-966A-4937-AA26-43FFB3E5DD88}.Release|x64.Build.0 = Release|Any CPU
		{7983616E-966A-4937-AA26-43FFB3E5DD88}.Release|x86.ActiveCfg = Release|Any CPU
		{7983616E-966A-4937-AA26-43FFB3E5DD88}.Release|x86.Build.0 = Release|Any CPU
	EndGlobalSection
	GlobalSection(SolutionProperties) = preSolution
		HideSolutionNode = FALSE
	EndGlobalSection
	GlobalSection(ExtensibilityGlobals) = postSolution
		SolutionGuid = {9DA6D3B6-090C-4F67-A2BB-3C1250DE89D5}
	EndGlobalSection
EndGlobal
